
Microsoft Visual Studio Solution File, Format Version 12.00
# Visual Studio Version 16
VisualStudioVersion = 16.0.28803.202
MinimumVisualStudioVersion = 10.0.40219.1
Project("{FAE04EC0-301F-11D3-BF4B-00C04F79EFBC}") = "EBana.WpfUI", "EBana.WpfUI\EBana.WpfUI.csproj", "{1E67F9B1-B27C-4DF8-BCA8-CF3E23139349}"
EndProject
Project("{FAE04EC0-301F-11D3-BF4B-00C04F79EFBC}") = "EBana.Excel", "EBana.Excel\EBana.Excel.csproj", "{A8130E81-91F8-411C-9E09-530925B629B2}"
EndProject
Project("{FAE04EC0-301F-11D3-BF4B-00C04F79EFBC}") = "EBana.Excel.UnitTests", "EBana.Excel.UnitTests\EBana.Excel.UnitTests.csproj", "{076E71CF-3FEC-4B3F-A571-CD5F3138ECFD}"
EndProject
Project("{2150E333-8FDC-42A3-9474-1A3956D46DE8}") = "EBana.Services", "EBana.Services", "{0B8D2B93-D4A9-4E57-88EF-7C695567F9E3}"
EndProject
Project("{2150E333-8FDC-42A3-9474-1A3956D46DE8}") = "EBana.Excel", "EBana.Excel", "{A35F3DB6-2A55-468C-BE62-F2BD7D19BC4F}"
EndProject
Project("{FAE04EC0-301F-11D3-BF4B-00C04F79EFBC}") = "EBana.EfDataAccess", "EBana.EfDataAccess\EBana.EfDataAccess.csproj", "{AE7DE008-62C6-4F01-AED3-4DED128A0BE9}"
EndProject
Project("{2150E333-8FDC-42A3-9474-1A3956D46DE8}") = "EBana.EfDataAccess", "EBana.EfDataAccess", "{42BDA988-AD6F-46D1-9D51-BF8D364F2335}"
EndProject
Project("{FAE04EC0-301F-11D3-BF4B-00C04F79EFBC}") = "EBana.EfDataAccess.UnitTests", "EBana.EfDataAccess.UnitTests\EBana.EfDataAccess.UnitTests.csproj", "{B98F659C-CE0C-4F8D-82AB-E2E525B9FC74}"
EndProject
Project("{FAE04EC0-301F-11D3-BF4B-00C04F79EFBC}") = "EBana.Domain.UnitTests", "EBana.Domain.UnitTests\EBana.Domain.UnitTests.csproj", "{711C5E76-0D83-43DB-90C7-5D0DC85878FE}"
EndProject
Project("{2150E333-8FDC-42A3-9474-1A3956D46DE8}") = "EBana.WpfUI", "EBana.WpfUI", "{485D4F20-1458-40DC-AE14-8D33360986E8}"
EndProject
Project("{FAE04EC0-301F-11D3-BF4B-00C04F79EFBC}") = "EBana.Domain", "EBana.Domain\EBana.Domain.csproj", "{778EF8A1-CEC3-49C8-A3E1-A68710ECA6EC}"
EndProject
Project("{2150E333-8FDC-42A3-9474-1A3956D46DE8}") = "EBana.Domain", "EBana.Domain", "{1225499A-D623-4F62-8929-4B6FE58BA54F}"
EndProject
Project("{FAE04EC0-301F-11D3-BF4B-00C04F79EFBC}") = "EBana.Services", "EBana.Services\EBana.Services\EBana.Services.csproj", "{EDB65C51-2A9E-4834-878C-81DD72A1AF5B}"
EndProject
Project("{FAE04EC0-301F-11D3-BF4B-00C04F79EFBC}") = "EBana.WindowsServices", "EBana.Services\EBana.WindowsServices\EBana.WindowsServices.csproj", "{F2E10053-03B9-4F3A-8133-49D0408E3D24}"
EndProject
Project("{2150E333-8FDC-42A3-9474-1A3956D46DE8}") = "EBana.PresentationLogic", "EBana.PresentationLogic", "{8BF622F7-840B-4DC1-85BA-D0CBFE8E4F17}"
EndProject
Project("{FAE04EC0-301F-11D3-BF4B-00C04F79EFBC}") = "EBana.PresentationLogic", "EBana.PresentationLogic\EBana.PresentationLogic.csproj", "{7BD4BDAE-69E3-43EF-9824-E41FFD69E92F}"
EndProject
Project("{FAE04EC0-301F-11D3-BF4B-00C04F79EFBC}") = "EBana.DesktopAppServices", "EBana.DesktopAppServices\EBana.DesktopAppServices.csproj", "{96C893D5-A3FA-45F3-9686-1D5547D5F493}"
EndProject
Project("{2150E333-8FDC-42A3-9474-1A3956D46DE8}") = "EBana.DesktopAppServices", "EBana.DesktopAppServices", "{083A6117-4D28-40B4-80A5-7DD1855FC1D2}"
EndProject
Project("{FAE04EC0-301F-11D3-BF4B-00C04F79EFBC}") = "EBana.DesktopAppServices.UnitTests", "EBana.DesktopAppServices.UnitTests\EBana.DesktopAppServices.UnitTests.csproj", "{34545AB0-31AE-424F-8A25-AFBDAEB21389}"
EndProject
Project("{FAE04EC0-301F-11D3-BF4B-00C04F79EFBC}") = "EBana.WpfUI.UnitTests", "EBana.WpfUI.UnitTests\EBana.WpfUI.UnitTests.csproj", "{0ABB0041-3BE1-4CC4-AD55-DCE04F6632BA}"
EndProject
Global
	GlobalSection(SolutionConfigurationPlatforms) = preSolution
		Debug|Any CPU = Debug|Any CPU
		Release|Any CPU = Release|Any CPU
	EndGlobalSection
	GlobalSection(ProjectConfigurationPlatforms) = postSolution
		{1E67F9B1-B27C-4DF8-BCA8-CF3E23139349}.Debug|Any CPU.ActiveCfg = Debug|Any CPU
		{1E67F9B1-B27C-4DF8-BCA8-CF3E23139349}.Debug|Any CPU.Build.0 = Debug|Any CPU
		{1E67F9B1-B27C-4DF8-BCA8-CF3E23139349}.Release|Any CPU.ActiveCfg = Release|Any CPU
		{1E67F9B1-B27C-4DF8-BCA8-CF3E23139349}.Release|Any CPU.Build.0 = Release|Any CPU
		{A8130E81-91F8-411C-9E09-530925B629B2}.Debug|Any CPU.ActiveCfg = Debug|Any CPU
		{A8130E81-91F8-411C-9E09-530925B629B2}.Debug|Any CPU.Build.0 = Debug|Any CPU
		{A8130E81-91F8-411C-9E09-530925B629B2}.Release|Any CPU.ActiveCfg = Release|Any CPU
		{A8130E81-91F8-411C-9E09-530925B629B2}.Release|Any CPU.Build.0 = Release|Any CPU
		{076E71CF-3FEC-4B3F-A571-CD5F3138ECFD}.Debug|Any CPU.ActiveCfg = Debug|Any CPU
		{076E71CF-3FEC-4B3F-A571-CD5F3138ECFD}.Debug|Any CPU.Build.0 = Debug|Any CPU
		{076E71CF-3FEC-4B3F-A571-CD5F3138ECFD}.Release|Any CPU.ActiveCfg = Release|Any CPU
		{076E71CF-3FEC-4B3F-A571-CD5F3138ECFD}.Release|Any CPU.Build.0 = Release|Any CPU
		{AE7DE008-62C6-4F01-AED3-4DED128A0BE9}.Debug|Any CPU.ActiveCfg = Debug|Any CPU
		{AE7DE008-62C6-4F01-AED3-4DED128A0BE9}.Debug|Any CPU.Build.0 = Debug|Any CPU
		{AE7DE008-62C6-4F01-AED3-4DED128A0BE9}.Release|Any CPU.ActiveCfg = Release|Any CPU
		{AE7DE008-62C6-4F01-AED3-4DED128A0BE9}.Release|Any CPU.Build.0 = Release|Any CPU
		{B98F659C-CE0C-4F8D-82AB-E2E525B9FC74}.Debug|Any CPU.ActiveCfg = Debug|Any CPU
		{B98F659C-CE0C-4F8D-82AB-E2E525B9FC74}.Debug|Any CPU.Build.0 = Debug|Any CPU
		{B98F659C-CE0C-4F8D-82AB-E2E525B9FC74}.Release|Any CPU.ActiveCfg = Release|Any CPU
		{B98F659C-CE0C-4F8D-82AB-E2E525B9FC74}.Release|Any CPU.Build.0 = Release|Any CPU
		{711C5E76-0D83-43DB-90C7-5D0DC85878FE}.Debug|Any CPU.ActiveCfg = Debug|Any CPU
		{711C5E76-0D83-43DB-90C7-5D0DC85878FE}.Debug|Any CPU.Build.0 = Debug|Any CPU
		{711C5E76-0D83-43DB-90C7-5D0DC85878FE}.Release|Any CPU.ActiveCfg = Release|Any CPU
		{711C5E76-0D83-43DB-90C7-5D0DC85878FE}.Release|Any CPU.Build.0 = Release|Any CPU
		{778EF8A1-CEC3-49C8-A3E1-A68710ECA6EC}.Debug|Any CPU.ActiveCfg = Debug|Any CPU
		{778EF8A1-CEC3-49C8-A3E1-A68710ECA6EC}.Debug|Any CPU.Build.0 = Debug|Any CPU
		{778EF8A1-CEC3-49C8-A3E1-A68710ECA6EC}.Release|Any CPU.ActiveCfg = Release|Any CPU
		{778EF8A1-CEC3-49C8-A3E1-A68710ECA6EC}.Release|Any CPU.Build.0 = Release|Any CPU
		{EDB65C51-2A9E-4834-878C-81DD72A1AF5B}.Debug|Any CPU.ActiveCfg = Debug|Any CPU
		{EDB65C51-2A9E-4834-878C-81DD72A1AF5B}.Debug|Any CPU.Build.0 = Debug|Any CPU
		{EDB65C51-2A9E-4834-878C-81DD72A1AF5B}.Release|Any CPU.ActiveCfg = Release|Any CPU
		{EDB65C51-2A9E-4834-878C-81DD72A1AF5B}.Release|Any CPU.Build.0 = Release|Any CPU
		{F2E10053-03B9-4F3A-8133-49D0408E3D24}.Debug|Any CPU.ActiveCfg = Debug|Any CPU
		{F2E10053-03B9-4F3A-8133-49D0408E3D24}.Debug|Any CPU.Build.0 = Debug|Any CPU
		{F2E10053-03B9-4F3A-8133-49D0408E3D24}.Release|Any CPU.ActiveCfg = Release|Any CPU
		{F2E10053-03B9-4F3A-8133-49D0408E3D24}.Release|Any CPU.Build.0 = Release|Any CPU
		{7BD4BDAE-69E3-43EF-9824-E41FFD69E92F}.Debug|Any CPU.ActiveCfg = Debug|Any CPU
		{7BD4BDAE-69E3-43EF-9824-E41FFD69E92F}.Debug|Any CPU.Build.0 = Debug|Any CPU
		{7BD4BDAE-69E3-43EF-9824-E41FFD69E92F}.Release|Any CPU.ActiveCfg = Release|Any CPU
		{7BD4BDAE-69E3-43EF-9824-E41FFD69E92F}.Release|Any CPU.Build.0 = Release|Any CPU
		{96C893D5-A3FA-45F3-9686-1D5547D5F493}.Debug|Any CPU.ActiveCfg = Debug|Any CPU
		{96C893D5-A3FA-45F3-9686-1D5547D5F493}.Debug|Any CPU.Build.0 = Debug|Any CPU
		{96C893D5-A3FA-45F3-9686-1D5547D5F493}.Release|Any CPU.ActiveCfg = Release|Any CPU
		{96C893D5-A3FA-45F3-9686-1D5547D5F493}.Release|Any CPU.Build.0 = Release|Any CPU
		{34545AB0-31AE-424F-8A25-AFBDAEB21389}.Debug|Any CPU.ActiveCfg = Debug|Any CPU
		{34545AB0-31AE-424F-8A25-AFBDAEB21389}.Debug|Any CPU.Build.0 = Debug|Any CPU
		{34545AB0-31AE-424F-8A25-AFBDAEB21389}.Release|Any CPU.ActiveCfg = Release|Any CPU
		{34545AB0-31AE-424F-8A25-AFBDAEB21389}.Release|Any CPU.Build.0 = Release|Any CPU
		{0ABB0041-3BE1-4CC4-AD55-DCE04F6632BA}.Debug|Any CPU.ActiveCfg = Debug|Any CPU
		{0ABB0041-3BE1-4CC4-AD55-DCE04F6632BA}.Debug|Any CPU.Build.0 = Debug|Any CPU
		{0ABB0041-3BE1-4CC4-AD55-DCE04F6632BA}.Release|Any CPU.ActiveCfg = Release|Any CPU
		{0ABB0041-3BE1-4CC4-AD55-DCE04F6632BA}.Release|Any CPU.Build.0 = Release|Any CPU
	EndGlobalSection
	GlobalSection(SolutionProperties) = preSolution
		HideSolutionNode = FALSE
	EndGlobalSection
	GlobalSection(NestedProjects) = preSolution
		{1E67F9B1-B27C-4DF8-BCA8-CF3E23139349} = {485D4F20-1458-40DC-AE14-8D33360986E8}
		{A8130E81-91F8-411C-9E09-530925B629B2} = {A35F3DB6-2A55-468C-BE62-F2BD7D19BC4F}
		{076E71CF-3FEC-4B3F-A571-CD5F3138ECFD} = {A35F3DB6-2A55-468C-BE62-F2BD7D19BC4F}
		{AE7DE008-62C6-4F01-AED3-4DED128A0BE9} = {42BDA988-AD6F-46D1-9D51-BF8D364F2335}
		{B98F659C-CE0C-4F8D-82AB-E2E525B9FC74} = {42BDA988-AD6F-46D1-9D51-BF8D364F2335}
		{711C5E76-0D83-43DB-90C7-5D0DC85878FE} = {1225499A-D623-4F62-8929-4B6FE58BA54F}
		{778EF8A1-CEC3-49C8-A3E1-A68710ECA6EC} = {1225499A-D623-4F62-8929-4B6FE58BA54F}
		{EDB65C51-2A9E-4834-878C-81DD72A1AF5B} = {0B8D2B93-D4A9-4E57-88EF-7C695567F9E3}
		{F2E10053-03B9-4F3A-8133-49D0408E3D24} = {0B8D2B93-D4A9-4E57-88EF-7C695567F9E3}
		{7BD4BDAE-69E3-43EF-9824-E41FFD69E92F} = {8BF622F7-840B-4DC1-85BA-D0CBFE8E4F17}
		{96C893D5-A3FA-45F3-9686-1D5547D5F493} = {083A6117-4D28-40B4-80A5-7DD1855FC1D2}
		{34545AB0-31AE-424F-8A25-AFBDAEB21389} = {083A6117-4D28-40B4-80A5-7DD1855FC1D2}
		{0ABB0041-3BE1-4CC4-AD55-DCE04F6632BA} = {485D4F20-1458-40DC-AE14-8D33360986E8}
	EndGlobalSection
	GlobalSection(ExtensibilityGlobals) = postSolution
		SolutionGuid = {B5F6E163-0146-4BDC-AC03-2E1CBA0BD702}
	EndGlobalSection
EndGlobal
